
Microsoft Visual Studio Solution File, Format Version 12.00
# Visual Studio Version 17
VisualStudioVersion = 17.0.32126.317
MinimumVisualStudioVersion = 10.0.40219.1
Project("{9A19103F-16F7-4668-BE54-9A1E7A4F7556}") = "AlumniMuctr", "AlumniMuctr\AlumniMuctr.csproj", "{B9CD29F0-59FF-44FC-809D-60DEF1A7ABFD}"
EndProject
Project("{2150E333-8FDC-42A3-9474-1A3956D46DE8}") = "Элементы решения", "Элементы решения", "{30943615-33E0-464E-97E6-451B6181C5D3}"
EndProject
Global
	GlobalSection(SolutionConfigurationPlatforms) = preSolution
		Debug|Any CPU = Debug|Any CPU
		Release|Any CPU = Release|Any CPU
	EndGlobalSection
	GlobalSection(ProjectConfigurationPlatforms) = postSolution
		{B9CD29F0-59FF-44FC-809D-60DEF1A7ABFD}.Debug|Any CPU.ActiveCfg = Debug|Any CPU
		{B9CD29F0-59FF-44FC-809D-60DEF1A7ABFD}.Debug|Any CPU.Build.0 = Debug|Any CPU
		{B9CD29F0-59FF-44FC-809D-60DEF1A7ABFD}.Release|Any CPU.ActiveCfg = Release|Any CPU
		{B9CD29F0-59FF-44FC-809D-60DEF1A7ABFD}.Release|Any CPU.Build.0 = Release|Any CPU
	EndGlobalSection
	GlobalSection(SolutionProperties) = preSolution
		HideSolutionNode = FALSE
	EndGlobalSection
	GlobalSection(ExtensibilityGlobals) = postSolution
		SolutionGuid = {6E990D9F-519C-4FA6-B72C-998618B1D73A}
	EndGlobalSection
EndGlobal
